
Microsoft Visual Studio Solution File, Format Version 12.00
# Visual Studio 14
VisualStudioVersion = 14.0.25123.0
MinimumVisualStudioVersion = 10.0.40219.1
Project("{FAE04EC0-301F-11D3-BF4B-00C04F79EFBC}") = "Generator.Bind", "src\Generator.Bind\Generator.Bind.csproj", "{31D19132-0000-0000-0000-000000000000}"
EndProject
Project("{FAE04EC0-301F-11D3-BF4B-00C04F79EFBC}") = "Generator.Convert", "src\Generator.Converter\Generator.Convert.csproj", "{5FDFF4B6-0000-0000-0000-000000000000}"
EndProject
Project("{FAE04EC0-301F-11D3-BF4B-00C04F79EFBC}") = "Generator.Rewrite", "src\Generator.Rewrite\Generator.Rewrite.csproj", "{C426C9D1-8857-4E52-BAC7-4C05EE6070AB}"
EndProject
Project("{2150E333-8FDC-42A3-9474-1A3956D46DE8}") = "tests", "tests", "{1857BB8E-1A35-4EBF-9F6D-685F11DC025B}"
EndProject
Project("{2150E333-8FDC-42A3-9474-1A3956D46DE8}") = ".paket", ".paket", "{F1A57014-71CE-4032-A652-01B7E35E14DB}"
	ProjectSection(SolutionItems) = preProject
		paket.dependencies = paket.dependencies
		paket.lock = paket.lock
	EndProjectSection
EndProject
Project("{2150E333-8FDC-42A3-9474-1A3956D46DE8}") = "project", "project", "{5EEEC96B-BD2F-45B0-935D-19E9E6D7D969}"
	ProjectSection(SolutionItems) = preProject
		build.fsx = build.fsx
		README.md = README.md
		RELEASE_NOTES.md = RELEASE_NOTES.md
		.gitignore = .gitignore
	EndProjectSection
EndProject
Project("{FAE04EC0-301F-11D3-BF4B-00C04F79EFBC}") = "osuTK.NS20", "src\osuTK\osuTK.NS20.csproj", "{71896DEF-4479-4264-A3C2-706AC824FB16}"
EndProject
Project("{9344BDBB-3E7F-41FC-A0DD-8665D75EE146}") = "osuTK.Tests", "tests\osuTK.Tests\osuTK.Tests.fsproj", "{D53948ED-4907-4ED2-A17A-BC34EB8FB9F6}"
EndProject
Project("{9344BDBB-3E7F-41FC-A0DD-8665D75EE146}") = "osuTK.Tests.Integration", "tests\osuTK.Tests.Integration\osuTK.Tests.Integration.fsproj", "{85AE10B0-7093-4DC3-A800-1C0EA42D760C}"
EndProject
Project("{9344BDBB-3E7F-41FC-A0DD-8665D75EE146}") = "osuTK.Tests.Math", "tests\osuTK.Tests.Math\osuTK.Tests.Math.csproj", "{306A8267-65BF-44FA-B1E3-660E1FEB661A}"
EndProject
Project("{9344BDBB-3E7F-41FC-A0DD-8665D75EE146}") = "osuTK.Tests.Generators", "tests\osuTK.Tests.Generators\osuTK.Tests.Generators.fsproj", "{B159362C-EAAA-49CB-953B-E8F185065FC6}"
EndProject
Project("{9344BDBB-3E7F-41FC-A0DD-8665D75EE146}") = "osuTK.Android", "src\osuTK\osuTK.Android.csproj", "{F25AB8C0-F145-40C9-9A8B-1FBE6A49C293}"
EndProject
Project("{9344BDBB-3E7F-41FC-A0DD-8665D75EE146}") = "osuTK.GLControl", "src\osuTK.GLControl\osuTK.GLControl.csproj", "{E1DDF9DE-659D-4715-97D3-BAA2CFAC547E}"
EndProject
Project("{9344BDBB-3E7F-41FC-A0DD-8665D75EE146}") = "osuTK.GLWidget", "src\osuTK.GLWidget\osuTK.GLWidget.csproj", "{A807EA92-1D01-40E1-A5C9-4594B408007D}"
EndProject
Project("{FAE04EC0-301F-11D3-BF4B-00C04F79EFBC}") = "osuTK.iOS", "osuTK.iOS\osuTK.iOS.csproj", "{41D0EF74-194E-4B0B-910D-440A7A38DFBD}"
EndProject
Global
	GlobalSection(SolutionConfigurationPlatforms) = preSolution
		Debug|Any CPU = Debug|Any CPU
		Release|Any CPU = Release|Any CPU
	EndGlobalSection
	GlobalSection(ProjectConfigurationPlatforms) = postSolution
		{31D19132-0000-0000-0000-000000000000}.Debug|Any CPU.ActiveCfg = Debug|Any CPU
		{31D19132-0000-0000-0000-000000000000}.Debug|Any CPU.Build.0 = Debug|Any CPU
		{31D19132-0000-0000-0000-000000000000}.Release|Any CPU.ActiveCfg = Release|Any CPU
		{31D19132-0000-0000-0000-000000000000}.Release|Any CPU.Build.0 = Release|Any CPU
		{5FDFF4B6-0000-0000-0000-000000000000}.Debug|Any CPU.ActiveCfg = Debug|Any CPU
		{5FDFF4B6-0000-0000-0000-000000000000}.Debug|Any CPU.Build.0 = Debug|Any CPU
		{5FDFF4B6-0000-0000-0000-000000000000}.Release|Any CPU.ActiveCfg = Release|Any CPU
		{5FDFF4B6-0000-0000-0000-000000000000}.Release|Any CPU.Build.0 = Release|Any CPU
		{C426C9D1-8857-4E52-BAC7-4C05EE6070AB}.Debug|Any CPU.ActiveCfg = Debug|Any CPU
		{C426C9D1-8857-4E52-BAC7-4C05EE6070AB}.Debug|Any CPU.Build.0 = Debug|Any CPU
		{C426C9D1-8857-4E52-BAC7-4C05EE6070AB}.Release|Any CPU.ActiveCfg = Release|Any CPU
		{C426C9D1-8857-4E52-BAC7-4C05EE6070AB}.Release|Any CPU.Build.0 = Release|Any CPU
		{71896DEF-4479-4264-A3C2-706AC824FB16}.Debug|Any CPU.ActiveCfg = Debug|Any CPU
		{71896DEF-4479-4264-A3C2-706AC824FB16}.Debug|Any CPU.Build.0 = Debug|Any CPU
		{71896DEF-4479-4264-A3C2-706AC824FB16}.Release|Any CPU.ActiveCfg = Release|Any CPU
		{71896DEF-4479-4264-A3C2-706AC824FB16}.Release|Any CPU.Build.0 = Release|Any CPU
		{D53948ED-4907-4ED2-A17A-BC34EB8FB9F6}.Debug|Any CPU.ActiveCfg = Debug|Any CPU
		{D53948ED-4907-4ED2-A17A-BC34EB8FB9F6}.Debug|Any CPU.Build.0 = Debug|Any CPU
		{D53948ED-4907-4ED2-A17A-BC34EB8FB9F6}.Release|Any CPU.ActiveCfg = Release|Any CPU
		{D53948ED-4907-4ED2-A17A-BC34EB8FB9F6}.Release|Any CPU.Build.0 = Release|Any CPU
		{85AE10B0-7093-4DC3-A800-1C0EA42D760C}.Debug|Any CPU.ActiveCfg = Debug|Any CPU
		{85AE10B0-7093-4DC3-A800-1C0EA42D760C}.Debug|Any CPU.Build.0 = Debug|Any CPU
		{85AE10B0-7093-4DC3-A800-1C0EA42D760C}.Release|Any CPU.ActiveCfg = Release|Any CPU
		{85AE10B0-7093-4DC3-A800-1C0EA42D760C}.Release|Any CPU.Build.0 = Release|Any CPU
		{306A8267-65BF-44FA-B1E3-660E1FEB661A}.Debug|Any CPU.ActiveCfg = Debug|Any CPU
		{306A8267-65BF-44FA-B1E3-660E1FEB661A}.Debug|Any CPU.Build.0 = Debug|Any CPU
		{306A8267-65BF-44FA-B1E3-660E1FEB661A}.Release|Any CPU.ActiveCfg = Release|Any CPU
		{306A8267-65BF-44FA-B1E3-660E1FEB661A}.Release|Any CPU.Build.0 = Release|Any CPU
		{B159362C-EAAA-49CB-953B-E8F185065FC6}.Debug|Any CPU.ActiveCfg = Debug|Any CPU
		{B159362C-EAAA-49CB-953B-E8F185065FC6}.Debug|Any CPU.Build.0 = Debug|Any CPU
		{B159362C-EAAA-49CB-953B-E8F185065FC6}.Release|Any CPU.ActiveCfg = Release|Any CPU
		{B159362C-EAAA-49CB-953B-E8F185065FC6}.Release|Any CPU.Build.0 = Release|Any CPU
		{F25AB8C0-F145-40C9-9A8B-1FBE6A49C293}.Debug|Any CPU.ActiveCfg = Debug|Any CPU
		{F25AB8C0-F145-40C9-9A8B-1FBE6A49C293}.Debug|Any CPU.Build.0 = Debug|Any CPU
		{F25AB8C0-F145-40C9-9A8B-1FBE6A49C293}.Release|Any CPU.ActiveCfg = Release|Any CPU
		{F25AB8C0-F145-40C9-9A8B-1FBE6A49C293}.Release|Any CPU.Build.0 = Release|Any CPU
		{E1DDF9DE-659D-4715-97D3-BAA2CFAC547E}.Debug|Any CPU.ActiveCfg = Debug|Any CPU
		{E1DDF9DE-659D-4715-97D3-BAA2CFAC547E}.Debug|Any CPU.Build.0 = Debug|Any CPU
		{E1DDF9DE-659D-4715-97D3-BAA2CFAC547E}.Release|Any CPU.ActiveCfg = Release|Any CPU
		{E1DDF9DE-659D-4715-97D3-BAA2CFAC547E}.Release|Any CPU.Build.0 = Release|Any CPU
		{A807EA92-1D01-40E1-A5C9-4594B408007D}.Debug|Any CPU.ActiveCfg = Debug|Any CPU
		{A807EA92-1D01-40E1-A5C9-4594B408007D}.Debug|Any CPU.Build.0 = Debug|Any CPU
		{A807EA92-1D01-40E1-A5C9-4594B408007D}.Release|Any CPU.ActiveCfg = Release|Any CPU
		{A807EA92-1D01-40E1-A5C9-4594B408007D}.Release|Any CPU.Build.0 = Release|Any CPU
		{41D0EF74-194E-4B0B-910D-440A7A38DFBD}.Debug|Any CPU.ActiveCfg = Debug|Any CPU
		{41D0EF74-194E-4B0B-910D-440A7A38DFBD}.Debug|Any CPU.Build.0 = Debug|Any CPU
		{41D0EF74-194E-4B0B-910D-440A7A38DFBD}.Release|Any CPU.ActiveCfg = Release|Any CPU
		{41D0EF74-194E-4B0B-910D-440A7A38DFBD}.Release|Any CPU.Build.0 = Release|Any CPU
	EndGlobalSection
	GlobalSection(SolutionProperties) = preSolution
		HideSolutionNode = FALSE
	EndGlobalSection
	GlobalSection(NestedProjects) = preSolution
		{D53948ED-4907-4ED2-A17A-BC34EB8FB9F6} = {1857BB8E-1A35-4EBF-9F6D-685F11DC025B}
		{85AE10B0-7093-4DC3-A800-1C0EA42D760C} = {1857BB8E-1A35-4EBF-9F6D-685F11DC025B}
		{306A8267-65BF-44FA-B1E3-660E1FEB661A} = {1857BB8E-1A35-4EBF-9F6D-685F11DC025B}
		{B159362C-EAAA-49CB-953B-E8F185065FC6} = {1857BB8E-1A35-4EBF-9F6D-685F11DC025B}
	EndGlobalSection
EndGlobal
