
Microsoft Visual Studio Solution File, Format Version 12.00
# Visual Studio 15
VisualStudioVersion = 15.0.28010.2050
MinimumVisualStudioVersion = 10.0.40219.1
Project("{FAE04EC0-301F-11D3-BF4B-00C04F79EFBC}") = "Generator.Bind", "src\Generator.Bind\Generator.Bind.csproj", "{31D19132-0000-0000-0000-000000000000}"
EndProject
Project("{FAE04EC0-301F-11D3-BF4B-00C04F79EFBC}") = "Generator.Convert", "src\Generator.Converter\Generator.Convert.csproj", "{5FDFF4B6-0000-0000-0000-000000000000}"
EndProject
Project("{FAE04EC0-301F-11D3-BF4B-00C04F79EFBC}") = "Generator.Rewrite", "src\Generator.Rewrite\Generator.Rewrite.csproj", "{C426C9D1-8857-4E52-BAC7-4C05EE6070AB}"
EndProject
Project("{2150E333-8FDC-42A3-9474-1A3956D46DE8}") = "tests", "tests", "{1857BB8E-1A35-4EBF-9F6D-685F11DC025B}"
EndProject
Project("{2150E333-8FDC-42A3-9474-1A3956D46DE8}") = ".paket", ".paket", "{F1A57014-71CE-4032-A652-01B7E35E14DB}"
	ProjectSection(SolutionItems) = preProject
		paket.dependencies = paket.dependencies
		paket.lock = paket.lock
	EndProjectSection
EndProject
Project("{2150E333-8FDC-42A3-9474-1A3956D46DE8}") = "project", "project", "{5EEEC96B-BD2F-45B0-935D-19E9E6D7D969}"
	ProjectSection(SolutionItems) = preProject
		.gitignore = .gitignore
		build.fsx = build.fsx
		README.md = README.md
		RELEASE_NOTES.md = RELEASE_NOTES.md
	EndProjectSection
EndProject
Project("{FAE04EC0-301F-11D3-BF4B-00C04F79EFBC}") = "osuTK.NS20", "src\osuTK\osuTK.NS20.csproj", "{71896DEF-4479-4264-A3C2-706AC824FB16}"
EndProject
Project("{9344BDBB-3E7F-41FC-A0DD-8665D75EE146}") = "osuTK.Tests", "tests\osuTK.Tests\osuTK.Tests.fsproj", "{D5AE74DC-608C-49F7-9AC4-0615240C04A4}"
EndProject
Project("{9344BDBB-3E7F-41FC-A0DD-8665D75EE146}") = "osuTK.Tests.Integration", "tests\osuTK.Tests.Integration\osuTK.Tests.Integration.fsproj", "{18367AD8-8739-4182-8409-C8E1D9D62154}"
EndProject
Project("{9344BDBB-3E7F-41FC-A0DD-8665D75EE146}") = "osuTK.Tests.Math", "tests\osuTK.Tests.Math\osuTK.Tests.Math.csproj", "{54FDCF04-903B-4DBD-9597-F999BFA4BA1E}"
EndProject
Project("{9344BDBB-3E7F-41FC-A0DD-8665D75EE146}") = "osuTK.Tests.Generators", "tests\osuTK.Tests.Generators\osuTK.Tests.Generators.fsproj", "{292FCC08-A1B3-4896-972D-F079409C357D}"
EndProject
Project("{9344BDBB-3E7F-41FC-A0DD-8665D75EE146}") = "osuTK.GLControl", "src\osuTK.GLControl\osuTK.GLControl.csproj", "{D62F3EDD-9B45-4F36-99F3-275DE69C66ED}"
EndProject
Project("{9344BDBB-3E7F-41FC-A0DD-8665D75EE146}") = "osuTK.GLWidget", "src\osuTK.GLWidget\osuTK.GLWidget.csproj", "{69A6ED3F-E82F-4599-9932-997E3D3C9333}"
EndProject
Project("{FAE04EC0-301F-11D3-BF4B-00C04F79EFBC}") = "osuTK.Android", "src\osuTK.Android\osuTK.Android.csproj", "{ADAE6EC9-5E86-4922-AC09-90F7CE8008A8}"
EndProject
Project("{FAE04EC0-301F-11D3-BF4B-00C04F79EFBC}") = "osuTK.iOS", "src\osuTK.iOS\osuTK.iOS.csproj", "{41D0EF74-194E-4B0B-910D-440A7A38DFBD}"
EndProject
Global
	GlobalSection(SolutionConfigurationPlatforms) = preSolution
		Debug|Any CPU = Debug|Any CPU
		Release|Any CPU = Release|Any CPU
	EndGlobalSection
	GlobalSection(ProjectConfigurationPlatforms) = postSolution
		{31D19132-0000-0000-0000-000000000000}.Debug|Any CPU.ActiveCfg = Debug|Any CPU
		{31D19132-0000-0000-0000-000000000000}.Debug|Any CPU.Build.0 = Debug|Any CPU
		{31D19132-0000-0000-0000-000000000000}.Release|Any CPU.ActiveCfg = Release|Any CPU
		{31D19132-0000-0000-0000-000000000000}.Release|Any CPU.Build.0 = Release|Any CPU
		{5FDFF4B6-0000-0000-0000-000000000000}.Debug|Any CPU.ActiveCfg = Debug|Any CPU
		{5FDFF4B6-0000-0000-0000-000000000000}.Debug|Any CPU.Build.0 = Debug|Any CPU
		{5FDFF4B6-0000-0000-0000-000000000000}.Release|Any CPU.ActiveCfg = Release|Any CPU
		{5FDFF4B6-0000-0000-0000-000000000000}.Release|Any CPU.Build.0 = Release|Any CPU
		{C426C9D1-8857-4E52-BAC7-4C05EE6070AB}.Debug|Any CPU.ActiveCfg = Debug|Any CPU
		{C426C9D1-8857-4E52-BAC7-4C05EE6070AB}.Debug|Any CPU.Build.0 = Debug|Any CPU
		{C426C9D1-8857-4E52-BAC7-4C05EE6070AB}.Release|Any CPU.ActiveCfg = Release|Any CPU
		{C426C9D1-8857-4E52-BAC7-4C05EE6070AB}.Release|Any CPU.Build.0 = Release|Any CPU
		{A625BE88-0000-0000-0000-000000000000}.Debug|Any CPU.ActiveCfg = Debug|Any CPU
		{A625BE88-0000-0000-0000-000000000000}.Debug|Any CPU.Build.0 = Debug|Any CPU
		{A625BE88-0000-0000-0000-000000000000}.Release|Any CPU.ActiveCfg = Release|Any CPU
		{A625BE88-0000-0000-0000-000000000000}.Release|Any CPU.Build.0 = Release|Any CPU
		{A625BE87-0000-0000-0000-000000000000}.Debug|Any CPU.ActiveCfg = Debug|Any CPU
		{A625BE87-0000-0000-0000-000000000000}.Debug|Any CPU.Build.0 = Debug|Any CPU
		{A625BE87-0000-0000-0000-000000000000}.Release|Any CPU.ActiveCfg = Release|Any CPU
		{A625BE87-0000-0000-0000-000000000000}.Release|Any CPU.Build.0 = Release|Any CPU
		{6801C263-ADDA-4A7B-979D-649BCB5A1DF7}.Debug|Any CPU.ActiveCfg = Debug|Any CPU
		{6801C263-ADDA-4A7B-979D-649BCB5A1DF7}.Debug|Any CPU.Build.0 = Debug|Any CPU
		{6801C263-ADDA-4A7B-979D-649BCB5A1DF7}.Release|Any CPU.ActiveCfg = Release|Any CPU
		{6801C263-ADDA-4A7B-979D-649BCB5A1DF7}.Release|Any CPU.Build.0 = Release|Any CPU
		{522D9279-3ED6-475F-867A-6AE69A53C24A}.Debug|Any CPU.ActiveCfg = Debug|Any CPU
		{522D9279-3ED6-475F-867A-6AE69A53C24A}.Debug|Any CPU.Build.0 = Debug|Any CPU
		{522D9279-3ED6-475F-867A-6AE69A53C24A}.Release|Any CPU.ActiveCfg = Release|Any CPU
		{522D9279-3ED6-475F-867A-6AE69A53C24A}.Release|Any CPU.Build.0 = Release|Any CPU
		{C2B07CD9-B388-4FC3-AF31-C648F7EA904E}.Debug|Any CPU.ActiveCfg = Debug|Any CPU
		{C2B07CD9-B388-4FC3-AF31-C648F7EA904E}.Debug|Any CPU.Build.0 = Debug|Any CPU
		{C2B07CD9-B388-4FC3-AF31-C648F7EA904E}.Release|Any CPU.ActiveCfg = Release|Any CPU
		{C2B07CD9-B388-4FC3-AF31-C648F7EA904E}.Release|Any CPU.Build.0 = Release|Any CPU
		{2B11AAEB-D8AC-4356-938F-532D720E0C30}.Debug|Any CPU.ActiveCfg = Debug|Any CPU
		{2B11AAEB-D8AC-4356-938F-532D720E0C30}.Debug|Any CPU.Build.0 = Debug|Any CPU
		{2B11AAEB-D8AC-4356-938F-532D720E0C30}.Release|Any CPU.ActiveCfg = Release|Any CPU
		{2B11AAEB-D8AC-4356-938F-532D720E0C30}.Release|Any CPU.Build.0 = Release|Any CPU
		{071FF8A5-47A2-4591-B8B5-A7BE11EE358B}.Debug|Any CPU.ActiveCfg = Debug|Any CPU
		{071FF8A5-47A2-4591-B8B5-A7BE11EE358B}.Debug|Any CPU.Build.0 = Debug|Any CPU
		{071FF8A5-47A2-4591-B8B5-A7BE11EE358B}.Release|Any CPU.ActiveCfg = Release|Any CPU
		{071FF8A5-47A2-4591-B8B5-A7BE11EE358B}.Release|Any CPU.Build.0 = Release|Any CPU
		{71896DEF-4479-4264-A3C2-706AC824FB16}.Debug|Any CPU.ActiveCfg = Debug|Any CPU
		{71896DEF-4479-4264-A3C2-706AC824FB16}.Debug|Any CPU.Build.0 = Debug|Any CPU
		{71896DEF-4479-4264-A3C2-706AC824FB16}.Release|Any CPU.ActiveCfg = Release|Any CPU
		{71896DEF-4479-4264-A3C2-706AC824FB16}.Release|Any CPU.Build.0 = Release|Any CPU
		{D5AE74DC-608C-49F7-9AC4-0615240C04A4}.Debug|Any CPU.ActiveCfg = Debug|Any CPU
		{D5AE74DC-608C-49F7-9AC4-0615240C04A4}.Debug|Any CPU.Build.0 = Debug|Any CPU
		{D5AE74DC-608C-49F7-9AC4-0615240C04A4}.Release|Any CPU.ActiveCfg = Release|Any CPU
		{D5AE74DC-608C-49F7-9AC4-0615240C04A4}.Release|Any CPU.Build.0 = Release|Any CPU
		{18367AD8-8739-4182-8409-C8E1D9D62154}.Debug|Any CPU.ActiveCfg = Debug|Any CPU
		{18367AD8-8739-4182-8409-C8E1D9D62154}.Debug|Any CPU.Build.0 = Debug|Any CPU
		{18367AD8-8739-4182-8409-C8E1D9D62154}.Release|Any CPU.ActiveCfg = Release|Any CPU
		{18367AD8-8739-4182-8409-C8E1D9D62154}.Release|Any CPU.Build.0 = Release|Any CPU
		{54FDCF04-903B-4DBD-9597-F999BFA4BA1E}.Debug|Any CPU.ActiveCfg = Debug|Any CPU
		{54FDCF04-903B-4DBD-9597-F999BFA4BA1E}.Debug|Any CPU.Build.0 = Debug|Any CPU
		{54FDCF04-903B-4DBD-9597-F999BFA4BA1E}.Release|Any CPU.ActiveCfg = Release|Any CPU
		{54FDCF04-903B-4DBD-9597-F999BFA4BA1E}.Release|Any CPU.Build.0 = Release|Any CPU
		{292FCC08-A1B3-4896-972D-F079409C357D}.Debug|Any CPU.ActiveCfg = Debug|Any CPU
		{292FCC08-A1B3-4896-972D-F079409C357D}.Debug|Any CPU.Build.0 = Debug|Any CPU
		{292FCC08-A1B3-4896-972D-F079409C357D}.Release|Any CPU.ActiveCfg = Release|Any CPU
		{292FCC08-A1B3-4896-972D-F079409C357D}.Release|Any CPU.Build.0 = Release|Any CPU
		{D62F3EDD-9B45-4F36-99F3-275DE69C66ED}.Debug|Any CPU.ActiveCfg = Debug|Any CPU
		{D62F3EDD-9B45-4F36-99F3-275DE69C66ED}.Debug|Any CPU.Build.0 = Debug|Any CPU
		{D62F3EDD-9B45-4F36-99F3-275DE69C66ED}.Release|Any CPU.ActiveCfg = Release|Any CPU
		{D62F3EDD-9B45-4F36-99F3-275DE69C66ED}.Release|Any CPU.Build.0 = Release|Any CPU
		{69A6ED3F-E82F-4599-9932-997E3D3C9333}.Debug|Any CPU.ActiveCfg = Debug|Any CPU
		{69A6ED3F-E82F-4599-9932-997E3D3C9333}.Debug|Any CPU.Build.0 = Debug|Any CPU
		{69A6ED3F-E82F-4599-9932-997E3D3C9333}.Release|Any CPU.ActiveCfg = Release|Any CPU
		{69A6ED3F-E82F-4599-9932-997E3D3C9333}.Release|Any CPU.Build.0 = Release|Any CPU
		{ADAE6EC9-5E86-4922-AC09-90F7CE8008A8}.Debug|Any CPU.ActiveCfg = Debug|Any CPU
		{ADAE6EC9-5E86-4922-AC09-90F7CE8008A8}.Debug|Any CPU.Build.0 = Debug|Any CPU
		{ADAE6EC9-5E86-4922-AC09-90F7CE8008A8}.Release|Any CPU.ActiveCfg = Release|Any CPU
		{ADAE6EC9-5E86-4922-AC09-90F7CE8008A8}.Release|Any CPU.Build.0 = Release|Any CPU
		{41D0EF74-194E-4B0B-910D-440A7A38DFBD}.Debug|Any CPU.ActiveCfg = Debug|Any CPU
		{41D0EF74-194E-4B0B-910D-440A7A38DFBD}.Debug|Any CPU.Build.0 = Debug|Any CPU
		{41D0EF74-194E-4B0B-910D-440A7A38DFBD}.Release|Any CPU.ActiveCfg = Release|Any CPU
		{41D0EF74-194E-4B0B-910D-440A7A38DFBD}.Release|Any CPU.Build.0 = Release|Any CPU
	EndGlobalSection
	GlobalSection(SolutionProperties) = preSolution
		HideSolutionNode = FALSE
	EndGlobalSection
	GlobalSection(NestedProjects) = preSolution
		{D5AE74DC-608C-49F7-9AC4-0615240C04A4} = {1857BB8E-1A35-4EBF-9F6D-685F11DC025B}
		{18367AD8-8739-4182-8409-C8E1D9D62154} = {1857BB8E-1A35-4EBF-9F6D-685F11DC025B}
		{54FDCF04-903B-4DBD-9597-F999BFA4BA1E} = {1857BB8E-1A35-4EBF-9F6D-685F11DC025B}
		{292FCC08-A1B3-4896-972D-F079409C357D} = {1857BB8E-1A35-4EBF-9F6D-685F11DC025B}
	EndGlobalSection
	GlobalSection(ExtensibilityGlobals) = postSolution
		SolutionGuid = {AB22FC27-311C-497B-BDD4-8A5BD5F55067}
	EndGlobalSection
EndGlobal
