
Microsoft Visual Studio Solution File, Format Version 12.00
# Visual Studio 14
VisualStudioVersion = 14.0.25123.0
MinimumVisualStudioVersion = 10.0.40219.1
Project("{FAE04EC0-301F-11D3-BF4B-00C04F79EFBC}") = "Generator.Bind", "src\Generator.Bind\Generator.Bind.csproj", "{31D19132-0000-0000-0000-000000000000}"
EndProject
Project("{FAE04EC0-301F-11D3-BF4B-00C04F79EFBC}") = "Generator.Convert", "src\Generator.Converter\Generator.Convert.csproj", "{5FDFF4B6-0000-0000-0000-000000000000}"
EndProject
Project("{FAE04EC0-301F-11D3-BF4B-00C04F79EFBC}") = "Generator.Rewrite", "src\Generator.Rewrite\Generator.Rewrite.csproj", "{C426C9D1-8857-4E52-BAC7-4C05EE6070AB}"
EndProject
Project("{2150E333-8FDC-42A3-9474-1A3956D46DE8}") = "tests", "tests", "{1857BB8E-1A35-4EBF-9F6D-685F11DC025B}"
EndProject
Project("{2150E333-8FDC-42A3-9474-1A3956D46DE8}") = ".paket", ".paket", "{F1A57014-71CE-4032-A652-01B7E35E14DB}"
	ProjectSection(SolutionItems) = preProject
		paket.dependencies = paket.dependencies
		paket.lock = paket.lock
	EndProjectSection
EndProject
Project("{2150E333-8FDC-42A3-9474-1A3956D46DE8}") = "project", "project", "{5EEEC96B-BD2F-45B0-935D-19E9E6D7D969}"
	ProjectSection(SolutionItems) = preProject
		build.fsx = build.fsx
		README.md = README.md
		RELEASE_NOTES.md = RELEASE_NOTES.md
		.gitignore = .gitignore
	EndProjectSection
EndProject
Project("{FAE04EC0-301F-11D3-BF4B-00C04F79EFBC}") = "osuTK.NS20", "src\osuTK\osuTK.NS20.csproj", "{71896DEF-4479-4264-A3C2-706AC824FB16}"
EndProject
Project("{FAE04EC0-301F-11D3-BF4B-00C04F79EFBC}") = "osuTK.Android", "src\osuTK.Android\osuTK.Android.csproj", "{ADAE6EC9-5E86-4922-AC09-90F7CE8008A8}"
EndProject
Project("{FAE04EC0-301F-11D3-BF4B-00C04F79EFBC}") = "osuTK.iOS", "src\osuTK.iOS\osuTK.iOS.csproj", "{41D0EF74-194E-4B0B-910D-440A7A38DFBD}"
EndProject
Project("{9344BDBB-3E7F-41FC-A0DD-8665D75EE146}") = "osuTK.Tests", "tests\osuTK.Tests\osuTK.Tests.fsproj", "{2BBECE85-F441-4AA3-956A-B27E7BFF4287}"
EndProject
Project("{9344BDBB-3E7F-41FC-A0DD-8665D75EE146}") = "osuTK.Tests.Integration", "tests\osuTK.Tests.Integration\osuTK.Tests.Integration.fsproj", "{4D88990B-03A8-4065-B553-9693FA6FCF45}"
EndProject
Project("{9344BDBB-3E7F-41FC-A0DD-8665D75EE146}") = "osuTK.Tests.Math", "tests\osuTK.Tests.Math\osuTK.Tests.Math.csproj", "{0A5218BC-5563-4C4D-8315-1F7379906587}"
EndProject
Project("{9344BDBB-3E7F-41FC-A0DD-8665D75EE146}") = "osuTK.Tests.Generators", "tests\osuTK.Tests.Generators\osuTK.Tests.Generators.fsproj", "{2CEDAF08-68A4-436B-A78E-D2BFE555B100}"
EndProject
Project("{9344BDBB-3E7F-41FC-A0DD-8665D75EE146}") = "osuTK.GLControl", "src\osuTK.GLControl\osuTK.GLControl.csproj", "{575878A5-B317-4A82-939E-23D94CF3A0EB}"
EndProject
Project("{9344BDBB-3E7F-41FC-A0DD-8665D75EE146}") = "osuTK.GLWidget", "src\osuTK.GLWidget\osuTK.GLWidget.csproj", "{668EC6E8-4A9D-4735-9543-965DC5E9DCE4}"
EndProject
Global
	GlobalSection(SolutionConfigurationPlatforms) = preSolution
		Debug|Any CPU = Debug|Any CPU
		Release|Any CPU = Release|Any CPU
	EndGlobalSection
	GlobalSection(ProjectConfigurationPlatforms) = postSolution
		{31D19132-0000-0000-0000-000000000000}.Debug|Any CPU.ActiveCfg = Debug|Any CPU
		{31D19132-0000-0000-0000-000000000000}.Debug|Any CPU.Build.0 = Debug|Any CPU
		{31D19132-0000-0000-0000-000000000000}.Release|Any CPU.ActiveCfg = Release|Any CPU
		{31D19132-0000-0000-0000-000000000000}.Release|Any CPU.Build.0 = Release|Any CPU
		{5FDFF4B6-0000-0000-0000-000000000000}.Debug|Any CPU.ActiveCfg = Debug|Any CPU
		{5FDFF4B6-0000-0000-0000-000000000000}.Debug|Any CPU.Build.0 = Debug|Any CPU
		{5FDFF4B6-0000-0000-0000-000000000000}.Release|Any CPU.ActiveCfg = Release|Any CPU
		{5FDFF4B6-0000-0000-0000-000000000000}.Release|Any CPU.Build.0 = Release|Any CPU
		{C426C9D1-8857-4E52-BAC7-4C05EE6070AB}.Debug|Any CPU.ActiveCfg = Debug|Any CPU
		{C426C9D1-8857-4E52-BAC7-4C05EE6070AB}.Debug|Any CPU.Build.0 = Debug|Any CPU
		{C426C9D1-8857-4E52-BAC7-4C05EE6070AB}.Release|Any CPU.ActiveCfg = Release|Any CPU
		{C426C9D1-8857-4E52-BAC7-4C05EE6070AB}.Release|Any CPU.Build.0 = Release|Any CPU
		{71896DEF-4479-4264-A3C2-706AC824FB16}.Debug|Any CPU.ActiveCfg = Debug|Any CPU
		{71896DEF-4479-4264-A3C2-706AC824FB16}.Debug|Any CPU.Build.0 = Debug|Any CPU
		{71896DEF-4479-4264-A3C2-706AC824FB16}.Release|Any CPU.ActiveCfg = Release|Any CPU
		{71896DEF-4479-4264-A3C2-706AC824FB16}.Release|Any CPU.Build.0 = Release|Any CPU
		{ADAE6EC9-5E86-4922-AC09-90F7CE8008A8}.Debug|Any CPU.ActiveCfg = Debug|Any CPU
		{ADAE6EC9-5E86-4922-AC09-90F7CE8008A8}.Debug|Any CPU.Build.0 = Debug|Any CPU
		{ADAE6EC9-5E86-4922-AC09-90F7CE8008A8}.Release|Any CPU.ActiveCfg = Release|Any CPU
		{ADAE6EC9-5E86-4922-AC09-90F7CE8008A8}.Release|Any CPU.Build.0 = Release|Any CPU
		{41D0EF74-194E-4B0B-910D-440A7A38DFBD}.Debug|Any CPU.ActiveCfg = Debug|Any CPU
		{41D0EF74-194E-4B0B-910D-440A7A38DFBD}.Debug|Any CPU.Build.0 = Debug|Any CPU
		{41D0EF74-194E-4B0B-910D-440A7A38DFBD}.Release|Any CPU.ActiveCfg = Release|Any CPU
		{41D0EF74-194E-4B0B-910D-440A7A38DFBD}.Release|Any CPU.Build.0 = Release|Any CPU
		{2BBECE85-F441-4AA3-956A-B27E7BFF4287}.Debug|Any CPU.ActiveCfg = Debug|Any CPU
		{2BBECE85-F441-4AA3-956A-B27E7BFF4287}.Debug|Any CPU.Build.0 = Debug|Any CPU
		{2BBECE85-F441-4AA3-956A-B27E7BFF4287}.Release|Any CPU.ActiveCfg = Release|Any CPU
		{2BBECE85-F441-4AA3-956A-B27E7BFF4287}.Release|Any CPU.Build.0 = Release|Any CPU
		{4D88990B-03A8-4065-B553-9693FA6FCF45}.Debug|Any CPU.ActiveCfg = Debug|Any CPU
		{4D88990B-03A8-4065-B553-9693FA6FCF45}.Debug|Any CPU.Build.0 = Debug|Any CPU
		{4D88990B-03A8-4065-B553-9693FA6FCF45}.Release|Any CPU.ActiveCfg = Release|Any CPU
		{4D88990B-03A8-4065-B553-9693FA6FCF45}.Release|Any CPU.Build.0 = Release|Any CPU
		{0A5218BC-5563-4C4D-8315-1F7379906587}.Debug|Any CPU.ActiveCfg = Debug|Any CPU
		{0A5218BC-5563-4C4D-8315-1F7379906587}.Debug|Any CPU.Build.0 = Debug|Any CPU
		{0A5218BC-5563-4C4D-8315-1F7379906587}.Release|Any CPU.ActiveCfg = Release|Any CPU
		{0A5218BC-5563-4C4D-8315-1F7379906587}.Release|Any CPU.Build.0 = Release|Any CPU
		{2CEDAF08-68A4-436B-A78E-D2BFE555B100}.Debug|Any CPU.ActiveCfg = Debug|Any CPU
		{2CEDAF08-68A4-436B-A78E-D2BFE555B100}.Debug|Any CPU.Build.0 = Debug|Any CPU
		{2CEDAF08-68A4-436B-A78E-D2BFE555B100}.Release|Any CPU.ActiveCfg = Release|Any CPU
		{2CEDAF08-68A4-436B-A78E-D2BFE555B100}.Release|Any CPU.Build.0 = Release|Any CPU
		{575878A5-B317-4A82-939E-23D94CF3A0EB}.Debug|Any CPU.ActiveCfg = Debug|Any CPU
		{575878A5-B317-4A82-939E-23D94CF3A0EB}.Debug|Any CPU.Build.0 = Debug|Any CPU
		{575878A5-B317-4A82-939E-23D94CF3A0EB}.Release|Any CPU.ActiveCfg = Release|Any CPU
		{575878A5-B317-4A82-939E-23D94CF3A0EB}.Release|Any CPU.Build.0 = Release|Any CPU
		{668EC6E8-4A9D-4735-9543-965DC5E9DCE4}.Debug|Any CPU.ActiveCfg = Debug|Any CPU
		{668EC6E8-4A9D-4735-9543-965DC5E9DCE4}.Debug|Any CPU.Build.0 = Debug|Any CPU
		{668EC6E8-4A9D-4735-9543-965DC5E9DCE4}.Release|Any CPU.ActiveCfg = Release|Any CPU
		{668EC6E8-4A9D-4735-9543-965DC5E9DCE4}.Release|Any CPU.Build.0 = Release|Any CPU
	EndGlobalSection
	GlobalSection(SolutionProperties) = preSolution
		HideSolutionNode = FALSE
	EndGlobalSection
	GlobalSection(NestedProjects) = preSolution
		{2BBECE85-F441-4AA3-956A-B27E7BFF4287} = {1857BB8E-1A35-4EBF-9F6D-685F11DC025B}
		{4D88990B-03A8-4065-B553-9693FA6FCF45} = {1857BB8E-1A35-4EBF-9F6D-685F11DC025B}
		{0A5218BC-5563-4C4D-8315-1F7379906587} = {1857BB8E-1A35-4EBF-9F6D-685F11DC025B}
		{2CEDAF08-68A4-436B-A78E-D2BFE555B100} = {1857BB8E-1A35-4EBF-9F6D-685F11DC025B}
	EndGlobalSection
EndGlobal
